
Microsoft Visual Studio Solution File, Format Version 12.00
# Visual Studio 2013
VisualStudioVersion = 12.0.21005.1
MinimumVisualStudioVersion = 10.0.40219.1
Project("{8BC9CEB8-8B4A-11D0-8D11-00A0C91BC942}") = "ACM  L2", "ACM  L2\ACM  L2.vcxproj", "{FDA605E8-9C6C-4FF3-91FF-D77650422B25}"
EndProject
Global
	GlobalSection(SolutionConfigurationPlatforms) = preSolution
		Debug|Win32 = Debug|Win32
		Release|Win32 = Release|Win32
	EndGlobalSection
	GlobalSection(ProjectConfigurationPlatforms) = postSolution
		{FDA605E8-9C6C-4FF3-91FF-D77650422B25}.Debug|Win32.ActiveCfg = Debug|Win32
		{FDA605E8-9C6C-4FF3-91FF-D77650422B25}.Debug|Win32.Build.0 = Debug|Win32
		{FDA605E8-9C6C-4FF3-91FF-D77650422B25}.Release|Win32.ActiveCfg = Release|Win32
		{FDA605E8-9C6C-4FF3-91FF-D77650422B25}.Release|Win32.Build.0 = Release|Win32
	EndGlobalSection
	GlobalSection(SolutionProperties) = preSolution
		HideSolutionNode = FALSE
	EndGlobalSection
EndGlobal
